Microsoft Visual Studio Solution File, Format Version 12.00
# Visual Studio Version 17
VisualStudioVersion = 17.5.2.0
MinimumVisualStudioVersion = 10.0.40219.1
Project("{FAE04EC0-301F-11D3-BF4B-00C04F79EFBC}") = "IntroCSharp02", "IntroCSharp02.csproj", "{D026A768-685F-519F-A812-8B00FC510FE3}"
EndProject
Global
	GlobalSection(SolutionConfigurationPlatforms) = preSolution
		Debug|Any CPU = Debug|Any CPU
		Release|Any CPU = Release|Any CPU
	EndGlobalSection
	GlobalSection(ProjectConfigurationPlatforms) = postSolution
		{D026A768-685F-519F-A812-8B00FC510FE3}.Debug|Any CPU.ActiveCfg = Debug|Any CPU
		{D026A768-685F-519F-A812-8B00FC510FE3}.Debug|Any CPU.Build.0 = Debug|Any CPU
		{D026A768-685F-519F-A812-8B00FC510FE3}.Release|Any CPU.ActiveCfg = Release|Any CPU
		{D026A768-685F-519F-A812-8B00FC510FE3}.Release|Any CPU.Build.0 = Release|Any CPU
	EndGlobalSection
	GlobalSection(SolutionProperties) = preSolution
		HideSolutionNode = FALSE
	EndGlobalSection
	GlobalSection(ExtensibilityGlobals) = postSolution
		SolutionGuid = {0DDB029D-07A1-4710-8ECB-B19D71844883}
	EndGlobalSection
EndGlobal
